
Microsoft Visual Studio Solution File, Format Version 12.00
# Visual Studio Version 16
VisualStudioVersion = 16.0.30011.22
MinimumVisualStudioVersion = 10.0.40219.1
Project("{FAE04EC0-301F-11D3-BF4B-00C04F79EFBC}") = "Veldrid.Views.Contracts", "Veldrid.Views.Contracts\Veldrid.Views.Contracts.csproj", "{E7DD33DC-9C7C-4183-9B90-731B3BA3F902}"
EndProject
Project("{FAE04EC0-301F-11D3-BF4B-00C04F79EFBC}") = "Veldrid.Views.CommandListFactory", "Veldrid.Views.CommandListFactory\Veldrid.Views.CommandListFactory.csproj", "{EB7B0F1F-0979-483D-988B-F7B675D9F2B1}"
EndProject
Project("{2150E333-8FDC-42A3-9474-1A3956D46DE8}") = "NUGet", "NUGet", "{25E34E96-202D-4FC6-B718-F6B766308067}"
EndProject
Project("{2150E333-8FDC-42A3-9474-1A3956D46DE8}") = "Doc", "Doc", "{0911AB0D-1F5A-4E97-AD59-DC97233CB47D}"
	ProjectSection(SolutionItems) = preProject
		Doc\DXC.txt = Doc\DXC.txt
		Doc\Shaders.bat = Doc\Shaders.bat
		Doc\SPIRV-Cross.txt = Doc\SPIRV-Cross.txt
	EndProjectSection
EndProject
Project("{2150E333-8FDC-42A3-9474-1A3956D46DE8}") = "Veldrid.Views.Contracts", "Veldrid.Views.Contracts", "{C80C931D-6971-4123-9EF1-8423CAFA0ADF}"
	ProjectSection(SolutionItems) = preProject
		NUGet\Veldrid.Views.Contracts\generate.bat = NUGet\Veldrid.Views.Contracts\generate.bat
		NUGet\Veldrid.Views.Contracts\Veldrid.Views.Contracts.nuspec = NUGet\Veldrid.Views.Contracts\Veldrid.Views.Contracts.nuspec
	EndProjectSection
EndProject
Project("{2150E333-8FDC-42A3-9474-1A3956D46DE8}") = "Veldrid.Views.CommandListFactory", "Veldrid.Views.CommandListFactory", "{DB1143FD-4FF6-42FA-978B-37F6E3007C0F}"
	ProjectSection(SolutionItems) = preProject
		NUGet\Veldrid.Views.CommandListFactory\generate.bat = NUGet\Veldrid.Views.CommandListFactory\generate.bat
		NUGet\Veldrid.Views.CommandListFactory\Veldrid.Views.CommandListFactory.nuspec = NUGet\Veldrid.Views.CommandListFactory\Veldrid.Views.CommandListFactory.nuspec
	EndProjectSection
EndProject
Project("{2150E333-8FDC-42A3-9474-1A3956D46DE8}") = "Veldrid.Views", "Veldrid.Views", "{BC3A879F-C54D-4AE7-A556-7E17A2943CC1}"
EndProject
Project("{2150E333-8FDC-42A3-9474-1A3956D46DE8}") = "Veldrid.Views.XamarinForms", "Veldrid.Views.XamarinForms", "{8F612B7D-3A49-45B4-A76D-CBB01AC543BB}"
EndProject
Project("{FAE04EC0-301F-11D3-BF4B-00C04F79EFBC}") = "Veldrid.Views.XamarinForms.Core", "Veldrid.Views\Veldrid.Views.XamarinForms\Veldrid.Views.XamarinForms.Core\Veldrid.Views.XamarinForms.Core.csproj", "{9769EBB2-0881-412B-A44A-DD5BEE21201A}"
EndProject
Project("{FAE04EC0-301F-11D3-BF4B-00C04F79EFBC}") = "Veldrid.Views.XamarinForms.iOS", "Veldrid.Views\Veldrid.Views.XamarinForms\Veldrid.Views.XamarinForms.iOS\Veldrid.Views.XamarinForms.iOS.csproj", "{3C3BA3A9-03A9-45AC-883B-A138B9D0909B}"
EndProject
Project("{FAE04EC0-301F-11D3-BF4B-00C04F79EFBC}") = "Veldrid.Views.XamarinForms.Android", "Veldrid.Views\Veldrid.Views.XamarinForms\Veldrid.Views.XamarinForms.Android\Veldrid.Views.XamarinForms.Android.csproj", "{548AA04D-0D29-4034-9354-3788FE89B0CF}"
EndProject
Project("{FAE04EC0-301F-11D3-BF4B-00C04F79EFBC}") = "Veldrid.Views.XamarinForms.UWP", "Veldrid.Views\Veldrid.Views.XamarinForms\Veldrid.Views.XamarinForms.UWP\Veldrid.Views.XamarinForms.UWP.csproj", "{CE47A673-E8B6-454D-9066-41E6ACF4C9B9}"
EndProject
Project("{2150E333-8FDC-42A3-9474-1A3956D46DE8}") = "Veldrid.Views.XamarinForms", "Veldrid.Views.XamarinForms", "{28DC3199-6EFF-4417-9A44-A8C2D77B3D9A}"
	ProjectSection(SolutionItems) = preProject
		NUGet\Veldrid.Views.XamarinForms\generate.bat = NUGet\Veldrid.Views.XamarinForms\generate.bat
		NUGet\Veldrid.Views.XamarinForms\Veldrid.Views.XamarinForms.nuspec = NUGet\Veldrid.Views.XamarinForms\Veldrid.Views.XamarinForms.nuspec
	EndProjectSection
EndProject
Project("{2150E333-8FDC-42A3-9474-1A3956D46DE8}") = "Tests", "Tests", "{90AE538E-99F3-4A4D-8AC9-994EA935DE84}"
EndProject
Project("{FAE04EC0-301F-11D3-BF4B-00C04F79EFBC}") = "Test.Veldrid.Views.XamarinForms.UWP", "Tests\Test.Veldrid.Views.XamarinForms\Test.Veldrid.Views.XamarinForms.UWP\Test.Veldrid.Views.XamarinForms.UWP.csproj", "{4853875E-60DD-4741-ADDF-8A8B3112F61D}"
EndProject
Project("{FAE04EC0-301F-11D3-BF4B-00C04F79EFBC}") = "Test.Veldrid.Views.XamarinForms.Android", "Tests\Test.Veldrid.Views.XamarinForms\Test.Veldrid.Views.XamarinForms.Android\Test.Veldrid.Views.XamarinForms.Android.csproj", "{80886E20-6CA7-4A01-BB01-0B0F22B43AB3}"
EndProject
Project("{FAE04EC0-301F-11D3-BF4B-00C04F79EFBC}") = "Test.Veldrid.Views.XamarinForms.iOS", "Tests\Test.Veldrid.Views.XamarinForms\Test.Veldrid.Views.XamarinForms.iOS\Test.Veldrid.Views.XamarinForms.iOS.csproj", "{D939E248-DD3D-4B04-BCF0-9BD3F3A78215}"
EndProject
Project("{FAE04EC0-301F-11D3-BF4B-00C04F79EFBC}") = "Test.Veldrid.Views.XamarinForms", "Tests\Test.Veldrid.Views.XamarinForms\Test.Veldrid.Views.XamarinForms\Test.Veldrid.Views.XamarinForms.csproj", "{C4206BEC-86E5-4286-BB59-674448A583B9}"
EndProject
Global
	GlobalSection(SolutionConfigurationPlatforms) = preSolution
		Debug|Any CPU = Debug|Any CPU
		Debug|ARM = Debug|ARM
		Debug|ARM64 = Debug|ARM64
		Debug|iPhone = Debug|iPhone
		Debug|iPhoneSimulator = Debug|iPhoneSimulator
		Debug|x64 = Debug|x64
		Debug|x86 = Debug|x86
		Release|Any CPU = Release|Any CPU
		Release|ARM = Release|ARM
		Release|ARM64 = Release|ARM64
		Release|iPhone = Release|iPhone
		Release|iPhoneSimulator = Release|iPhoneSimulator
		Release|x64 = Release|x64
		Release|x86 = Release|x86
	EndGlobalSection
	GlobalSection(ProjectConfigurationPlatforms) = postSolution
		{E7DD33DC-9C7C-4183-9B90-731B3BA3F902}.Debug|Any CPU.ActiveCfg = Debug|Any CPU
		{E7DD33DC-9C7C-4183-9B90-731B3BA3F902}.Debug|Any CPU.Build.0 = Debug|Any CPU
		{E7DD33DC-9C7C-4183-9B90-731B3BA3F902}.Debug|ARM.ActiveCfg = Debug|Any CPU
		{E7DD33DC-9C7C-4183-9B90-731B3BA3F902}.Debug|ARM.Build.0 = Debug|Any CPU
		{E7DD33DC-9C7C-4183-9B90-731B3BA3F902}.Debug|ARM64.ActiveCfg = Debug|Any CPU
		{E7DD33DC-9C7C-4183-9B90-731B3BA3F902}.Debug|ARM64.Build.0 = Debug|Any CPU
		{E7DD33DC-9C7C-4183-9B90-731B3BA3F902}.Debug|iPhone.ActiveCfg = Debug|Any CPU
		{E7DD33DC-9C7C-4183-9B90-731B3BA3F902}.Debug|iPhone.Build.0 = Debug|Any CPU
		{E7DD33DC-9C7C-4183-9B90-731B3BA3F902}.Debug|iPhoneSimulator.ActiveCfg = Debug|Any CPU
		{E7DD33DC-9C7C-4183-9B90-731B3BA3F902}.Debug|iPhoneSimulator.Build.0 = Debug|Any CPU
		{E7DD33DC-9C7C-4183-9B90-731B3BA3F902}.Debug|x64.ActiveCfg = Debug|Any CPU
		{E7DD33DC-9C7C-4183-9B90-731B3BA3F902}.Debug|x64.Build.0 = Debug|Any CPU
		{E7DD33DC-9C7C-4183-9B90-731B3BA3F902}.Debug|x86.ActiveCfg = Debug|Any CPU
		{E7DD33DC-9C7C-4183-9B90-731B3BA3F902}.Debug|x86.Build.0 = Debug|Any CPU
		{E7DD33DC-9C7C-4183-9B90-731B3BA3F902}.Release|Any CPU.ActiveCfg = Release|Any CPU
		{E7DD33DC-9C7C-4183-9B90-731B3BA3F902}.Release|Any CPU.Build.0 = Release|Any CPU
		{E7DD33DC-9C7C-4183-9B90-731B3BA3F902}.Release|ARM.ActiveCfg = Release|Any CPU
		{E7DD33DC-9C7C-4183-9B90-731B3BA3F902}.Release|ARM.Build.0 = Release|Any CPU
		{E7DD33DC-9C7C-4183-9B90-731B3BA3F902}.Release|ARM64.ActiveCfg = Release|Any CPU
		{E7DD33DC-9C7C-4183-9B90-731B3BA3F902}.Release|ARM64.Build.0 = Release|Any CPU
		{E7DD33DC-9C7C-4183-9B90-731B3BA3F902}.Release|iPhone.ActiveCfg = Release|Any CPU
		{E7DD33DC-9C7C-4183-9B90-731B3BA3F902}.Release|iPhone.Build.0 = Release|Any CPU
		{E7DD33DC-9C7C-4183-9B90-731B3BA3F902}.Release|iPhoneSimulator.ActiveCfg = Release|Any CPU
		{E7DD33DC-9C7C-4183-9B90-731B3BA3F902}.Release|iPhoneSimulator.Build.0 = Release|Any CPU
		{E7DD33DC-9C7C-4183-9B90-731B3BA3F902}.Release|x64.ActiveCfg = Release|Any CPU
		{E7DD33DC-9C7C-4183-9B90-731B3BA3F902}.Release|x64.Build.0 = Release|Any CPU
		{E7DD33DC-9C7C-4183-9B90-731B3BA3F902}.Release|x86.ActiveCfg = Release|Any CPU
		{E7DD33DC-9C7C-4183-9B90-731B3BA3F902}.Release|x86.Build.0 = Release|Any CPU
		{EB7B0F1F-0979-483D-988B-F7B675D9F2B1}.Debug|Any CPU.ActiveCfg = Debug|Any CPU
		{EB7B0F1F-0979-483D-988B-F7B675D9F2B1}.Debug|Any CPU.Build.0 = Debug|Any CPU
		{EB7B0F1F-0979-483D-988B-F7B675D9F2B1}.Debug|ARM.ActiveCfg = Debug|Any CPU
		{EB7B0F1F-0979-483D-988B-F7B675D9F2B1}.Debug|ARM.Build.0 = Debug|Any CPU
		{EB7B0F1F-0979-483D-988B-F7B675D9F2B1}.Debug|ARM64.ActiveCfg = Debug|Any CPU
		{EB7B0F1F-0979-483D-988B-F7B675D9F2B1}.Debug|ARM64.Build.0 = Debug|Any CPU
		{EB7B0F1F-0979-483D-988B-F7B675D9F2B1}.Debug|iPhone.ActiveCfg = Debug|Any CPU
		{EB7B0F1F-0979-483D-988B-F7B675D9F2B1}.Debug|iPhone.Build.0 = Debug|Any CPU
		{EB7B0F1F-0979-483D-988B-F7B675D9F2B1}.Debug|iPhoneSimulator.ActiveCfg = Debug|Any CPU
		{EB7B0F1F-0979-483D-988B-F7B675D9F2B1}.Debug|iPhoneSimulator.Build.0 = Debug|Any CPU
		{EB7B0F1F-0979-483D-988B-F7B675D9F2B1}.Debug|x64.ActiveCfg = Debug|Any CPU
		{EB7B0F1F-0979-483D-988B-F7B675D9F2B1}.Debug|x64.Build.0 = Debug|Any CPU
		{EB7B0F1F-0979-483D-988B-F7B675D9F2B1}.Debug|x86.ActiveCfg = Debug|Any CPU
		{EB7B0F1F-0979-483D-988B-F7B675D9F2B1}.Debug|x86.Build.0 = Debug|Any CPU
		{EB7B0F1F-0979-483D-988B-F7B675D9F2B1}.Release|Any CPU.ActiveCfg = Release|Any CPU
		{EB7B0F1F-0979-483D-988B-F7B675D9F2B1}.Release|Any CPU.Build.0 = Release|Any CPU
		{EB7B0F1F-0979-483D-988B-F7B675D9F2B1}.Release|ARM.ActiveCfg = Release|Any CPU
		{EB7B0F1F-0979-483D-988B-F7B675D9F2B1}.Release|ARM.Build.0 = Release|Any CPU
		{EB7B0F1F-0979-483D-988B-F7B675D9F2B1}.Release|ARM64.ActiveCfg = Release|Any CPU
		{EB7B0F1F-0979-483D-988B-F7B675D9F2B1}.Release|ARM64.Build.0 = Release|Any CPU
		{EB7B0F1F-0979-483D-988B-F7B675D9F2B1}.Release|iPhone.ActiveCfg = Release|Any CPU
		{EB7B0F1F-0979-483D-988B-F7B675D9F2B1}.Release|iPhone.Build.0 = Release|Any CPU
		{EB7B0F1F-0979-483D-988B-F7B675D9F2B1}.Release|iPhoneSimulator.ActiveCfg = Release|Any CPU
		{EB7B0F1F-0979-483D-988B-F7B675D9F2B1}.Release|iPhoneSimulator.Build.0 = Release|Any CPU
		{EB7B0F1F-0979-483D-988B-F7B675D9F2B1}.Release|x64.ActiveCfg = Release|Any CPU
		{EB7B0F1F-0979-483D-988B-F7B675D9F2B1}.Release|x64.Build.0 = Release|Any CPU
		{EB7B0F1F-0979-483D-988B-F7B675D9F2B1}.Release|x86.ActiveCfg = Release|Any CPU
		{EB7B0F1F-0979-483D-988B-F7B675D9F2B1}.Release|x86.Build.0 = Release|Any CPU
		{9769EBB2-0881-412B-A44A-DD5BEE21201A}.Debug|Any CPU.ActiveCfg = Debug|Any CPU
		{9769EBB2-0881-412B-A44A-DD5BEE21201A}.Debug|Any CPU.Build.0 = Debug|Any CPU
		{9769EBB2-0881-412B-A44A-DD5BEE21201A}.Debug|ARM.ActiveCfg = Debug|Any CPU
		{9769EBB2-0881-412B-A44A-DD5BEE21201A}.Debug|ARM.Build.0 = Debug|Any CPU
		{9769EBB2-0881-412B-A44A-DD5BEE21201A}.Debug|ARM64.ActiveCfg = Debug|Any CPU
		{9769EBB2-0881-412B-A44A-DD5BEE21201A}.Debug|ARM64.Build.0 = Debug|Any CPU
		{9769EBB2-0881-412B-A44A-DD5BEE21201A}.Debug|iPhone.ActiveCfg = Debug|Any CPU
		{9769EBB2-0881-412B-A44A-DD5BEE21201A}.Debug|iPhone.Build.0 = Debug|Any CPU
		{9769EBB2-0881-412B-A44A-DD5BEE21201A}.Debug|iPhoneSimulator.ActiveCfg = Debug|Any CPU
		{9769EBB2-0881-412B-A44A-DD5BEE21201A}.Debug|iPhoneSimulator.Build.0 = Debug|Any CPU
		{9769EBB2-0881-412B-A44A-DD5BEE21201A}.Debug|x64.ActiveCfg = Debug|Any CPU
		{9769EBB2-0881-412B-A44A-DD5BEE21201A}.Debug|x64.Build.0 = Debug|Any CPU
		{9769EBB2-0881-412B-A44A-DD5BEE21201A}.Debug|x86.ActiveCfg = Debug|Any CPU
		{9769EBB2-0881-412B-A44A-DD5BEE21201A}.Debug|x86.Build.0 = Debug|Any CPU
		{9769EBB2-0881-412B-A44A-DD5BEE21201A}.Release|Any CPU.ActiveCfg = Release|Any CPU
		{9769EBB2-0881-412B-A44A-DD5BEE21201A}.Release|Any CPU.Build.0 = Release|Any CPU
		{9769EBB2-0881-412B-A44A-DD5BEE21201A}.Release|ARM.ActiveCfg = Release|Any CPU
		{9769EBB2-0881-412B-A44A-DD5BEE21201A}.Release|ARM.Build.0 = Release|Any CPU
		{9769EBB2-0881-412B-A44A-DD5BEE21201A}.Release|ARM64.ActiveCfg = Release|Any CPU
		{9769EBB2-0881-412B-A44A-DD5BEE21201A}.Release|ARM64.Build.0 = Release|Any CPU
		{9769EBB2-0881-412B-A44A-DD5BEE21201A}.Release|iPhone.ActiveCfg = Release|Any CPU
		{9769EBB2-0881-412B-A44A-DD5BEE21201A}.Release|iPhone.Build.0 = Release|Any CPU
		{9769EBB2-0881-412B-A44A-DD5BEE21201A}.Release|iPhoneSimulator.ActiveCfg = Release|Any CPU
		{9769EBB2-0881-412B-A44A-DD5BEE21201A}.Release|iPhoneSimulator.Build.0 = Release|Any CPU
		{9769EBB2-0881-412B-A44A-DD5BEE21201A}.Release|x64.ActiveCfg = Release|Any CPU
		{9769EBB2-0881-412B-A44A-DD5BEE21201A}.Release|x64.Build.0 = Release|Any CPU
		{9769EBB2-0881-412B-A44A-DD5BEE21201A}.Release|x86.ActiveCfg = Release|Any CPU
		{9769EBB2-0881-412B-A44A-DD5BEE21201A}.Release|x86.Build.0 = Release|Any CPU
		{3C3BA3A9-03A9-45AC-883B-A138B9D0909B}.Debug|Any CPU.ActiveCfg = Debug|Any CPU
		{3C3BA3A9-03A9-45AC-883B-A138B9D0909B}.Debug|Any CPU.Build.0 = Debug|Any CPU
		{3C3BA3A9-03A9-45AC-883B-A138B9D0909B}.Debug|ARM.ActiveCfg = Debug|Any CPU
		{3C3BA3A9-03A9-45AC-883B-A138B9D0909B}.Debug|ARM.Build.0 = Debug|Any CPU
		{3C3BA3A9-03A9-45AC-883B-A138B9D0909B}.Debug|ARM64.ActiveCfg = Debug|Any CPU
		{3C3BA3A9-03A9-45AC-883B-A138B9D0909B}.Debug|ARM64.Build.0 = Debug|Any CPU
		{3C3BA3A9-03A9-45AC-883B-A138B9D0909B}.Debug|iPhone.ActiveCfg = Debug|Any CPU
		{3C3BA3A9-03A9-45AC-883B-A138B9D0909B}.Debug|iPhone.Build.0 = Debug|Any CPU
		{3C3BA3A9-03A9-45AC-883B-A138B9D0909B}.Debug|iPhoneSimulator.ActiveCfg = Debug|Any CPU
		{3C3BA3A9-03A9-45AC-883B-A138B9D0909B}.Debug|iPhoneSimulator.Build.0 = Debug|Any CPU
		{3C3BA3A9-03A9-45AC-883B-A138B9D0909B}.Debug|x64.ActiveCfg = Debug|Any CPU
		{3C3BA3A9-03A9-45AC-883B-A138B9D0909B}.Debug|x64.Build.0 = Debug|Any CPU
		{3C3BA3A9-03A9-45AC-883B-A138B9D0909B}.Debug|x86.ActiveCfg = Debug|Any CPU
		{3C3BA3A9-03A9-45AC-883B-A138B9D0909B}.Debug|x86.Build.0 = Debug|Any CPU
		{3C3BA3A9-03A9-45AC-883B-A138B9D0909B}.Release|Any CPU.ActiveCfg = Release|Any CPU
		{3C3BA3A9-03A9-45AC-883B-A138B9D0909B}.Release|Any CPU.Build.0 = Release|Any CPU
		{3C3BA3A9-03A9-45AC-883B-A138B9D0909B}.Release|ARM.ActiveCfg = Release|Any CPU
		{3C3BA3A9-03A9-45AC-883B-A138B9D0909B}.Release|ARM.Build.0 = Release|Any CPU
		{3C3BA3A9-03A9-45AC-883B-A138B9D0909B}.Release|ARM64.ActiveCfg = Release|Any CPU
		{3C3BA3A9-03A9-45AC-883B-A138B9D0909B}.Release|ARM64.Build.0 = Release|Any CPU
		{3C3BA3A9-03A9-45AC-883B-A138B9D0909B}.Release|iPhone.ActiveCfg = Release|Any CPU
		{3C3BA3A9-03A9-45AC-883B-A138B9D0909B}.Release|iPhone.Build.0 = Release|Any CPU
		{3C3BA3A9-03A9-45AC-883B-A138B9D0909B}.Release|iPhoneSimulator.ActiveCfg = Release|Any CPU
		{3C3BA3A9-03A9-45AC-883B-A138B9D0909B}.Release|iPhoneSimulator.Build.0 = Release|Any CPU
		{3C3BA3A9-03A9-45AC-883B-A138B9D0909B}.Release|x64.ActiveCfg = Release|Any CPU
		{3C3BA3A9-03A9-45AC-883B-A138B9D0909B}.Release|x64.Build.0 = Release|Any CPU
		{3C3BA3A9-03A9-45AC-883B-A138B9D0909B}.Release|x86.ActiveCfg = Release|Any CPU
		{3C3BA3A9-03A9-45AC-883B-A138B9D0909B}.Release|x86.Build.0 = Release|Any CPU
		{548AA04D-0D29-4034-9354-3788FE89B0CF}.Debug|Any CPU.ActiveCfg = Debug|Any CPU
		{548AA04D-0D29-4034-9354-3788FE89B0CF}.Debug|Any CPU.Build.0 = Debug|Any CPU
		{548AA04D-0D29-4034-9354-3788FE89B0CF}.Debug|ARM.ActiveCfg = Debug|Any CPU
		{548AA04D-0D29-4034-9354-3788FE89B0CF}.Debug|ARM.Build.0 = Debug|Any CPU
		{548AA04D-0D29-4034-9354-3788FE89B0CF}.Debug|ARM64.ActiveCfg = Debug|Any CPU
		{548AA04D-0D29-4034-9354-3788FE89B0CF}.Debug|ARM64.Build.0 = Debug|Any CPU
		{548AA04D-0D29-4034-9354-3788FE89B0CF}.Debug|iPhone.ActiveCfg = Debug|Any CPU
		{548AA04D-0D29-4034-9354-3788FE89B0CF}.Debug|iPhone.Build.0 = Debug|Any CPU
		{548AA04D-0D29-4034-9354-3788FE89B0CF}.Debug|iPhoneSimulator.ActiveCfg = Debug|Any CPU
		{548AA04D-0D29-4034-9354-3788FE89B0CF}.Debug|iPhoneSimulator.Build.0 = Debug|Any CPU
		{548AA04D-0D29-4034-9354-3788FE89B0CF}.Debug|x64.ActiveCfg = Debug|Any CPU
		{548AA04D-0D29-4034-9354-3788FE89B0CF}.Debug|x64.Build.0 = Debug|Any CPU
		{548AA04D-0D29-4034-9354-3788FE89B0CF}.Debug|x86.ActiveCfg = Debug|Any CPU
		{548AA04D-0D29-4034-9354-3788FE89B0CF}.Debug|x86.Build.0 = Debug|Any CPU
		{548AA04D-0D29-4034-9354-3788FE89B0CF}.Release|Any CPU.ActiveCfg = Release|Any CPU
		{548AA04D-0D29-4034-9354-3788FE89B0CF}.Release|Any CPU.Build.0 = Release|Any CPU
		{548AA04D-0D29-4034-9354-3788FE89B0CF}.Release|ARM.ActiveCfg = Release|Any CPU
		{548AA04D-0D29-4034-9354-3788FE89B0CF}.Release|ARM.Build.0 = Release|Any CPU
		{548AA04D-0D29-4034-9354-3788FE89B0CF}.Release|ARM64.ActiveCfg = Release|Any CPU
		{548AA04D-0D29-4034-9354-3788FE89B0CF}.Release|ARM64.Build.0 = Release|Any CPU
		{548AA04D-0D29-4034-9354-3788FE89B0CF}.Release|iPhone.ActiveCfg = Release|Any CPU
		{548AA04D-0D29-4034-9354-3788FE89B0CF}.Release|iPhone.Build.0 = Release|Any CPU
		{548AA04D-0D29-4034-9354-3788FE89B0CF}.Release|iPhoneSimulator.ActiveCfg = Release|Any CPU
		{548AA04D-0D29-4034-9354-3788FE89B0CF}.Release|iPhoneSimulator.Build.0 = Release|Any CPU
		{548AA04D-0D29-4034-9354-3788FE89B0CF}.Release|x64.ActiveCfg = Release|Any CPU
		{548AA04D-0D29-4034-9354-3788FE89B0CF}.Release|x64.Build.0 = Release|Any CPU
		{548AA04D-0D29-4034-9354-3788FE89B0CF}.Release|x86.ActiveCfg = Release|Any CPU
		{548AA04D-0D29-4034-9354-3788FE89B0CF}.Release|x86.Build.0 = Release|Any CPU
		{CE47A673-E8B6-454D-9066-41E6ACF4C9B9}.Debug|Any CPU.ActiveCfg = Debug|Any CPU
		{CE47A673-E8B6-454D-9066-41E6ACF4C9B9}.Debug|Any CPU.Build.0 = Debug|Any CPU
		{CE47A673-E8B6-454D-9066-41E6ACF4C9B9}.Debug|ARM.ActiveCfg = Debug|ARM
		{CE47A673-E8B6-454D-9066-41E6ACF4C9B9}.Debug|ARM.Build.0 = Debug|ARM
		{CE47A673-E8B6-454D-9066-41E6ACF4C9B9}.Debug|ARM64.ActiveCfg = Debug|ARM64
		{CE47A673-E8B6-454D-9066-41E6ACF4C9B9}.Debug|ARM64.Build.0 = Debug|ARM64
		{CE47A673-E8B6-454D-9066-41E6ACF4C9B9}.Debug|iPhone.ActiveCfg = Debug|Any CPU
		{CE47A673-E8B6-454D-9066-41E6ACF4C9B9}.Debug|iPhone.Build.0 = Debug|Any CPU
		{CE47A673-E8B6-454D-9066-41E6ACF4C9B9}.Debug|iPhoneSimulator.ActiveCfg = Debug|Any CPU
		{CE47A673-E8B6-454D-9066-41E6ACF4C9B9}.Debug|iPhoneSimulator.Build.0 = Debug|Any CPU
		{CE47A673-E8B6-454D-9066-41E6ACF4C9B9}.Debug|x64.ActiveCfg = Debug|x64
		{CE47A673-E8B6-454D-9066-41E6ACF4C9B9}.Debug|x64.Build.0 = Debug|x64
		{CE47A673-E8B6-454D-9066-41E6ACF4C9B9}.Debug|x86.ActiveCfg = Debug|x86
		{CE47A673-E8B6-454D-9066-41E6ACF4C9B9}.Debug|x86.Build.0 = Debug|x86
		{CE47A673-E8B6-454D-9066-41E6ACF4C9B9}.Release|Any CPU.ActiveCfg = Release|Any CPU
		{CE47A673-E8B6-454D-9066-41E6ACF4C9B9}.Release|Any CPU.Build.0 = Release|Any CPU
		{CE47A673-E8B6-454D-9066-41E6ACF4C9B9}.Release|ARM.ActiveCfg = Release|ARM
		{CE47A673-E8B6-454D-9066-41E6ACF4C9B9}.Release|ARM.Build.0 = Release|ARM
		{CE47A673-E8B6-454D-9066-41E6ACF4C9B9}.Release|ARM64.ActiveCfg = Release|ARM64
		{CE47A673-E8B6-454D-9066-41E6ACF4C9B9}.Release|ARM64.Build.0 = Release|ARM64
		{CE47A673-E8B6-454D-9066-41E6ACF4C9B9}.Release|iPhone.ActiveCfg = Release|Any CPU
		{CE47A673-E8B6-454D-9066-41E6ACF4C9B9}.Release|iPhone.Build.0 = Release|Any CPU
		{CE47A673-E8B6-454D-9066-41E6ACF4C9B9}.Release|iPhoneSimulator.ActiveCfg = Release|Any CPU
		{CE47A673-E8B6-454D-9066-41E6ACF4C9B9}.Release|iPhoneSimulator.Build.0 = Release|Any CPU
		{CE47A673-E8B6-454D-9066-41E6ACF4C9B9}.Release|x64.ActiveCfg = Release|x64
		{CE47A673-E8B6-454D-9066-41E6ACF4C9B9}.Release|x64.Build.0 = Release|x64
		{CE47A673-E8B6-454D-9066-41E6ACF4C9B9}.Release|x86.ActiveCfg = Release|x86
		{CE47A673-E8B6-454D-9066-41E6ACF4C9B9}.Release|x86.Build.0 = Release|x86
		{4853875E-60DD-4741-ADDF-8A8B3112F61D}.Debug|Any CPU.ActiveCfg = Debug|x86
		{4853875E-60DD-4741-ADDF-8A8B3112F61D}.Debug|ARM.ActiveCfg = Debug|ARM
		{4853875E-60DD-4741-ADDF-8A8B3112F61D}.Debug|ARM.Build.0 = Debug|ARM
		{4853875E-60DD-4741-ADDF-8A8B3112F61D}.Debug|ARM.Deploy.0 = Debug|ARM
		{4853875E-60DD-4741-ADDF-8A8B3112F61D}.Debug|ARM64.ActiveCfg = Debug|x86
		{4853875E-60DD-4741-ADDF-8A8B3112F61D}.Debug|iPhone.ActiveCfg = Debug|x86
		{4853875E-60DD-4741-ADDF-8A8B3112F61D}.Debug|iPhoneSimulator.ActiveCfg = Debug|x86
		{4853875E-60DD-4741-ADDF-8A8B3112F61D}.Debug|x64.ActiveCfg = Debug|x64
		{4853875E-60DD-4741-ADDF-8A8B3112F61D}.Debug|x64.Build.0 = Debug|x64
		{4853875E-60DD-4741-ADDF-8A8B3112F61D}.Debug|x64.Deploy.0 = Debug|x64
		{4853875E-60DD-4741-ADDF-8A8B3112F61D}.Debug|x86.ActiveCfg = Debug|x86
		{4853875E-60DD-4741-ADDF-8A8B3112F61D}.Debug|x86.Build.0 = Debug|x86
		{4853875E-60DD-4741-ADDF-8A8B3112F61D}.Debug|x86.Deploy.0 = Debug|x86
		{4853875E-60DD-4741-ADDF-8A8B3112F61D}.Release|Any CPU.ActiveCfg = Release|x86
		{4853875E-60DD-4741-ADDF-8A8B3112F61D}.Release|ARM.ActiveCfg = Release|ARM
		{4853875E-60DD-4741-ADDF-8A8B3112F61D}.Release|ARM.Build.0 = Release|ARM
		{4853875E-60DD-4741-ADDF-8A8B3112F61D}.Release|ARM.Deploy.0 = Release|ARM
		{4853875E-60DD-4741-ADDF-8A8B3112F61D}.Release|ARM64.ActiveCfg = Release|x86
		{4853875E-60DD-4741-ADDF-8A8B3112F61D}.Release|iPhone.ActiveCfg = Release|x86
		{4853875E-60DD-4741-ADDF-8A8B3112F61D}.Release|iPhoneSimulator.ActiveCfg = Release|x86
		{4853875E-60DD-4741-ADDF-8A8B3112F61D}.Release|x64.ActiveCfg = Release|x64
		{4853875E-60DD-4741-ADDF-8A8B3112F61D}.Release|x64.Build.0 = Release|x64
		{4853875E-60DD-4741-ADDF-8A8B3112F61D}.Release|x64.Deploy.0 = Release|x64
		{4853875E-60DD-4741-ADDF-8A8B3112F61D}.Release|x86.ActiveCfg = Release|x86
		{4853875E-60DD-4741-ADDF-8A8B3112F61D}.Release|x86.Build.0 = Release|x86
		{4853875E-60DD-4741-ADDF-8A8B3112F61D}.Release|x86.Deploy.0 = Release|x86
		{80886E20-6CA7-4A01-BB01-0B0F22B43AB3}.Debug|Any CPU.ActiveCfg = Debug|Any CPU
		{80886E20-6CA7-4A01-BB01-0B0F22B43AB3}.Debug|Any CPU.Build.0 = Debug|Any CPU
		{80886E20-6CA7-4A01-BB01-0B0F22B43AB3}.Debug|Any CPU.Deploy.0 = Debug|Any CPU
		{80886E20-6CA7-4A01-BB01-0B0F22B43AB3}.Debug|ARM.ActiveCfg = Debug|Any CPU
		{80886E20-6CA7-4A01-BB01-0B0F22B43AB3}.Debug|ARM.Build.0 = Debug|Any CPU
		{80886E20-6CA7-4A01-BB01-0B0F22B43AB3}.Debug|ARM.Deploy.0 = Debug|Any CPU
		{80886E20-6CA7-4A01-BB01-0B0F22B43AB3}.Debug|ARM64.ActiveCfg = Debug|Any CPU
		{80886E20-6CA7-4A01-BB01-0B0F22B43AB3}.Debug|ARM64.Build.0 = Debug|Any CPU
		{80886E20-6CA7-4A01-BB01-0B0F22B43AB3}.Debug|ARM64.Deploy.0 = Debug|Any CPU
		{80886E20-6CA7-4A01-BB01-0B0F22B43AB3}.Debug|iPhone.ActiveCfg = Debug|Any CPU
		{80886E20-6CA7-4A01-BB01-0B0F22B43AB3}.Debug|iPhone.Build.0 = Debug|Any CPU
		{80886E20-6CA7-4A01-BB01-0B0F22B43AB3}.Debug|iPhone.Deploy.0 = Debug|Any CPU
		{80886E20-6CA7-4A01-BB01-0B0F22B43AB3}.Debug|iPhoneSimulator.ActiveCfg = Debug|Any CPU
		{80886E20-6CA7-4A01-BB01-0B0F22B43AB3}.Debug|iPhoneSimulator.Build.0 = Debug|Any CPU
		{80886E20-6CA7-4A01-BB01-0B0F22B43AB3}.Debug|iPhoneSimulator.Deploy.0 = Debug|Any CPU
		{80886E20-6CA7-4A01-BB01-0B0F22B43AB3}.Debug|x64.ActiveCfg = Debug|Any CPU
		{80886E20-6CA7-4A01-BB01-0B0F22B43AB3}.Debug|x64.Build.0 = Debug|Any CPU
		{80886E20-6CA7-4A01-BB01-0B0F22B43AB3}.Debug|x64.Deploy.0 = Debug|Any CPU
		{80886E20-6CA7-4A01-BB01-0B0F22B43AB3}.Debug|x86.ActiveCfg = Debug|Any CPU
		{80886E20-6CA7-4A01-BB01-0B0F22B43AB3}.Debug|x86.Build.0 = Debug|Any CPU
		{80886E20-6CA7-4A01-BB01-0B0F22B43AB3}.Debug|x86.Deploy.0 = Debug|Any CPU
		{80886E20-6CA7-4A01-BB01-0B0F22B43AB3}.Release|Any CPU.ActiveCfg = Release|Any CPU
		{80886E20-6CA7-4A01-BB01-0B0F22B43AB3}.Release|Any CPU.Build.0 = Release|Any CPU
		{80886E20-6CA7-4A01-BB01-0B0F22B43AB3}.Release|Any CPU.Deploy.0 = Release|Any CPU
		{80886E20-6CA7-4A01-BB01-0B0F22B43AB3}.Release|ARM.ActiveCfg = Release|Any CPU
		{80886E20-6CA7-4A01-BB01-0B0F22B43AB3}.Release|ARM.Build.0 = Release|Any CPU
		{80886E20-6CA7-4A01-BB01-0B0F22B43AB3}.Release|ARM.Deploy.0 = Release|Any CPU
		{80886E20-6CA7-4A01-BB01-0B0F22B43AB3}.Release|ARM64.ActiveCfg = Release|Any CPU
		{80886E20-6CA7-4A01-BB01-0B0F22B43AB3}.Release|ARM64.Build.0 = Release|Any CPU
		{80886E20-6CA7-4A01-BB01-0B0F22B43AB3}.Release|ARM64.Deploy.0 = Release|Any CPU
		{80886E20-6CA7-4A01-BB01-0B0F22B43AB3}.Release|iPhone.ActiveCfg = Release|Any CPU
		{80886E20-6CA7-4A01-BB01-0B0F22B43AB3}.Release|iPhone.Build.0 = Release|Any CPU
		{80886E20-6CA7-4A01-BB01-0B0F22B43AB3}.Release|iPhone.Deploy.0 = Release|Any CPU
		{80886E20-6CA7-4A01-BB01-0B0F22B43AB3}.Release|iPhoneSimulator.ActiveCfg = Release|Any CPU
		{80886E20-6CA7-4A01-BB01-0B0F22B43AB3}.Release|iPhoneSimulator.Build.0 = Release|Any CPU
		{80886E20-6CA7-4A01-BB01-0B0F22B43AB3}.Release|iPhoneSimulator.Deploy.0 = Release|Any CPU
		{80886E20-6CA7-4A01-BB01-0B0F22B43AB3}.Release|x64.ActiveCfg = Release|Any CPU
		{80886E20-6CA7-4A01-BB01-0B0F22B43AB3}.Release|x64.Build.0 = Release|Any CPU
		{80886E20-6CA7-4A01-BB01-0B0F22B43AB3}.Release|x64.Deploy.0 = Release|Any CPU
		{80886E20-6CA7-4A01-BB01-0B0F22B43AB3}.Release|x86.ActiveCfg = Release|Any CPU
		{80886E20-6CA7-4A01-BB01-0B0F22B43AB3}.Release|x86.Build.0 = Release|Any CPU
		{80886E20-6CA7-4A01-BB01-0B0F22B43AB3}.Release|x86.Deploy.0 = Release|Any CPU
		{D939E248-DD3D-4B04-BCF0-9BD3F3A78215}.Debug|Any CPU.ActiveCfg = Debug|iPhone
		{D939E248-DD3D-4B04-BCF0-9BD3F3A78215}.Debug|ARM.ActiveCfg = Debug|iPhone
		{D939E248-DD3D-4B04-BCF0-9BD3F3A78215}.Debug|ARM64.ActiveCfg = Debug|iPhone
		{D939E248-DD3D-4B04-BCF0-9BD3F3A78215}.Debug|iPhone.ActiveCfg = Debug|iPhone
		{D939E248-DD3D-4B04-BCF0-9BD3F3A78215}.Debug|iPhone.Build.0 = Debug|iPhone
		{D939E248-DD3D-4B04-BCF0-9BD3F3A78215}.Debug|iPhoneSimulator.ActiveCfg = Debug|iPhoneSimulator
		{D939E248-DD3D-4B04-BCF0-9BD3F3A78215}.Debug|iPhoneSimulator.Build.0 = Debug|iPhoneSimulator
		{D939E248-DD3D-4B04-BCF0-9BD3F3A78215}.Debug|x64.ActiveCfg = Debug|iPhone
		{D939E248-DD3D-4B04-BCF0-9BD3F3A78215}.Debug|x86.ActiveCfg = Debug|iPhone
		{D939E248-DD3D-4B04-BCF0-9BD3F3A78215}.Release|Any CPU.ActiveCfg = Release|iPhone
		{D939E248-DD3D-4B04-BCF0-9BD3F3A78215}.Release|ARM.ActiveCfg = Release|iPhone
		{D939E248-DD3D-4B04-BCF0-9BD3F3A78215}.Release|ARM64.ActiveCfg = Release|iPhone
		{D939E248-DD3D-4B04-BCF0-9BD3F3A78215}.Release|iPhone.ActiveCfg = Release|iPhone
		{D939E248-DD3D-4B04-BCF0-9BD3F3A78215}.Release|iPhone.Build.0 = Release|iPhone
		{D939E248-DD3D-4B04-BCF0-9BD3F3A78215}.Release|iPhoneSimulator.ActiveCfg = Release|iPhoneSimulator
		{D939E248-DD3D-4B04-BCF0-9BD3F3A78215}.Release|iPhoneSimulator.Build.0 = Release|iPhoneSimulator
		{D939E248-DD3D-4B04-BCF0-9BD3F3A78215}.Release|x64.ActiveCfg = Release|iPhone
		{D939E248-DD3D-4B04-BCF0-9BD3F3A78215}.Release|x86.ActiveCfg = Release|iPhone
		{C4206BEC-86E5-4286-BB59-674448A583B9}.Debug|Any CPU.ActiveCfg = Debug|Any CPU
		{C4206BEC-86E5-4286-BB59-674448A583B9}.Debug|Any CPU.Build.0 = Debug|Any CPU
		{C4206BEC-86E5-4286-BB59-674448A583B9}.Debug|ARM.ActiveCfg = Debug|Any CPU
		{C4206BEC-86E5-4286-BB59-674448A583B9}.Debug|ARM.Build.0 = Debug|Any CPU
		{C4206BEC-86E5-4286-BB59-674448A583B9}.Debug|ARM64.ActiveCfg = Debug|Any CPU
		{C4206BEC-86E5-4286-BB59-674448A583B9}.Debug|ARM64.Build.0 = Debug|Any CPU
		{C4206BEC-86E5-4286-BB59-674448A583B9}.Debug|iPhone.ActiveCfg = Debug|Any CPU
		{C4206BEC-86E5-4286-BB59-674448A583B9}.Debug|iPhone.Build.0 = Debug|Any CPU
		{C4206BEC-86E5-4286-BB59-674448A583B9}.Debug|iPhoneSimulator.ActiveCfg = Debug|Any CPU
		{C4206BEC-86E5-4286-BB59-674448A583B9}.Debug|iPhoneSimulator.Build.0 = Debug|Any CPU
		{C4206BEC-86E5-4286-BB59-674448A583B9}.Debug|x64.ActiveCfg = Debug|Any CPU
		{C4206BEC-86E5-4286-BB59-674448A583B9}.Debug|x64.Build.0 = Debug|Any CPU
		{C4206BEC-86E5-4286-BB59-674448A583B9}.Debug|x86.ActiveCfg = Debug|Any CPU
		{C4206BEC-86E5-4286-BB59-674448A583B9}.Debug|x86.Build.0 = Debug|Any CPU
		{C4206BEC-86E5-4286-BB59-674448A583B9}.Release|Any CPU.ActiveCfg = Release|Any CPU
		{C4206BEC-86E5-4286-BB59-674448A583B9}.Release|Any CPU.Build.0 = Release|Any CPU
		{C4206BEC-86E5-4286-BB59-674448A583B9}.Release|ARM.ActiveCfg = Release|Any CPU
		{C4206BEC-86E5-4286-BB59-674448A583B9}.Release|ARM.Build.0 = Release|Any CPU
		{C4206BEC-86E5-4286-BB59-674448A583B9}.Release|ARM64.ActiveCfg = Release|Any CPU
		{C4206BEC-86E5-4286-BB59-674448A583B9}.Release|ARM64.Build.0 = Release|Any CPU
		{C4206BEC-86E5-4286-BB59-674448A583B9}.Release|iPhone.ActiveCfg = Release|Any CPU
		{C4206BEC-86E5-4286-BB59-674448A583B9}.Release|iPhone.Build.0 = Release|Any CPU
		{C4206BEC-86E5-4286-BB59-674448A583B9}.Release|iPhoneSimulator.ActiveCfg = Release|Any CPU
		{C4206BEC-86E5-4286-BB59-674448A583B9}.Release|iPhoneSimulator.Build.0 = Release|Any CPU
		{C4206BEC-86E5-4286-BB59-674448A583B9}.Release|x64.ActiveCfg = Release|Any CPU
		{C4206BEC-86E5-4286-BB59-674448A583B9}.Release|x64.Build.0 = Release|Any CPU
		{C4206BEC-86E5-4286-BB59-674448A583B9}.Release|x86.ActiveCfg = Release|Any CPU
		{C4206BEC-86E5-4286-BB59-674448A583B9}.Release|x86.Build.0 = Release|Any CPU
	EndGlobalSection
	GlobalSection(SolutionProperties) = preSolution
		HideSolutionNode = FALSE
	EndGlobalSection
	GlobalSection(NestedProjects) = preSolution
		{C80C931D-6971-4123-9EF1-8423CAFA0ADF} = {25E34E96-202D-4FC6-B718-F6B766308067}
		{DB1143FD-4FF6-42FA-978B-37F6E3007C0F} = {25E34E96-202D-4FC6-B718-F6B766308067}
		{8F612B7D-3A49-45B4-A76D-CBB01AC543BB} = {BC3A879F-C54D-4AE7-A556-7E17A2943CC1}
		{9769EBB2-0881-412B-A44A-DD5BEE21201A} = {8F612B7D-3A49-45B4-A76D-CBB01AC543BB}
		{3C3BA3A9-03A9-45AC-883B-A138B9D0909B} = {8F612B7D-3A49-45B4-A76D-CBB01AC543BB}
		{548AA04D-0D29-4034-9354-3788FE89B0CF} = {8F612B7D-3A49-45B4-A76D-CBB01AC543BB}
		{CE47A673-E8B6-454D-9066-41E6ACF4C9B9} = {8F612B7D-3A49-45B4-A76D-CBB01AC543BB}
		{28DC3199-6EFF-4417-9A44-A8C2D77B3D9A} = {25E34E96-202D-4FC6-B718-F6B766308067}
		{4853875E-60DD-4741-ADDF-8A8B3112F61D} = {90AE538E-99F3-4A4D-8AC9-994EA935DE84}
		{80886E20-6CA7-4A01-BB01-0B0F22B43AB3} = {90AE538E-99F3-4A4D-8AC9-994EA935DE84}
		{D939E248-DD3D-4B04-BCF0-9BD3F3A78215} = {90AE538E-99F3-4A4D-8AC9-994EA935DE84}
		{C4206BEC-86E5-4286-BB59-674448A583B9} = {90AE538E-99F3-4A4D-8AC9-994EA935DE84}
	EndGlobalSection
	GlobalSection(ExtensibilityGlobals) = postSolution
		SolutionGuid = {A4CA2E0F-3CF8-4FF0-88C4-79116CBFB52F}
	EndGlobalSection
EndGlobal
